# THIS IS AN AUTOGENERATED FILE. DO NOT EDIT THIS FILE DIRECTLY.
# yarn lockfile v1


"@types/cheerio@^0.22.13":
  version "0.22.13"
  resolved "https://registry.npm.taobao.org/@types/cheerio/download/@types/cheerio-0.22.13.tgz#5eecda091a24514185dcba99eda77e62bf6523e6"
  integrity sha1-XuzaCRokUUGF3LqZ7ad+Yr9lI+Y=
  dependencies:
    "@types/node" "*"

"@types/inquirer@^6.5.0":
  version "6.5.0"
  resolved "https://registry.npm.taobao.org/@types/inquirer/download/@types/inquirer-6.5.0.tgz#b83b0bf30b88b8be7246d40e51d32fe9d10e09be"
  integrity sha1-uDsL8wuIuL5yRtQOUdMv6dEOCb4=
  dependencies:
    "@types/through" "*"
    rxjs "^6.4.0"

"@types/json2csv@^4.5.0":
  version "4.5.0"
  resolved "https://registry.npm.taobao.org/@types/json2csv/download/@types/json2csv-4.5.0.tgz#f846edb5239969942a1aa6fbc470e13e69ae971d"
  integrity sha1-+EbttSOZaZQqGqb7xHDhPmmulx0=
  dependencies:
    "@types/node" "*"

"@types/lodash@^4.14.138":
  version "4.14.138"
  resolved "https://registry.npm.taobao.org/@types/lodash/download/@types/lodash-4.14.138.tgz?cache=0&sync_timestamp=1567533747531&other_urls=https%3A%2F%2Fregistry.npm.taobao.org%2F%40types%2Flodash%2Fdownload%2F%40types%2Flodash-4.14.138.tgz#34f52640d7358230308344e579c15b378d91989e"
  integrity sha1-NPUmQNc1gjAwg0TlecFbN42RmJ4=

"@types/node@*", "@types/node@^12.7.5":
  version "12.7.5"
  resolved "https://registry.npm.taobao.org/@types/node/download/@types/node-12.7.5.tgz?cache=0&sync_timestamp=1568180598397&other_urls=https%3A%2F%2Fregistry.npm.taobao.org%2F%40types%2Fnode%2Fdownload%2F%40types%2Fnode-12.7.5.tgz#e19436e7f8e9b4601005d73673b6dc4784ffcc2f"
  integrity sha1-4ZQ25/jptGAQBdc2c7bcR4T/zC8=

"@types/through@*":
  version "0.0.29"
  resolved "https://registry.npm.taobao.org/@types/through/download/@types/through-0.0.29.tgz#72943aac922e179339c651fa34a4428a4d722f93"
  integrity sha1-cpQ6rJIuF5M5xlH6NKRCik1yL5M=
  dependencies:
    "@types/node" "*"

"@types/xlsx@^0.0.36":
  version "0.0.36"
  resolved "https://registry.npm.taobao.org/@types/xlsx/download/@types/xlsx-0.0.36.tgz#b5062003e5c5374ab4f08fdd3bf69da4d4013af8"
  integrity sha1-tQYgA+XFN0q08I/dO/adpNQBOvg=
  dependencies:
    xlsx "*"

adler-32@~1.2.0:
  version "1.2.0"
  resolved "https://registry.npm.taobao.org/adler-32/download/adler-32-1.2.0.tgz#6a3e6bf0a63900ba15652808cb15c6813d1a5f25"
  integrity sha1-aj5r8KY5ALoVZSgIyxXGgT0aXyU=
  dependencies:
    exit-on-epipe "~1.0.1"
    printj "~1.1.0"

ansi-escapes@^3.2.0:
  version "3.2.0"
  resolved "https://registry.npm.taobao.org/ansi-escapes/download/ansi-escapes-3.2.0.tgz#8780b98ff9dbf5638152d1f1fe5c1d7b4442976b"
  integrity sha1-h4C5j/nb9WOBUtHx/lwde0RCl2s=

ansi-regex@^3.0.0:
  version "3.0.0"
  resolved "https://registry.npm.taobao.org/ansi-regex/download/ansi-regex-3.0.0.tgz#ed0317c322064f79466c02966bddb605ab37d998"
  integrity sha1-7QMXwyIGT3lGbAKWa922Bas32Zg=

ansi-regex@^4.1.0:
  version "4.1.0"
  resolved "https://registry.npm.taobao.org/ansi-regex/download/ansi-regex-4.1.0.tgz#8b9f8f08cf1acb843756a839ca8c7e3168c51997"
  integrity sha1-i5+PCM8ay4Q3Vqg5yox+MWjFGZc=

ansi-styles@^3.2.1:
  version "3.2.1"
  resolved "https://registry.npm.taobao.org/ansi-styles/download/ansi-styles-3.2.1.tgz?cache=0&sync_timestamp=1566430679283&other_urls=https%3A%2F%2Fregistry.npm.taobao.org%2Fansi-styles%2Fdownload%2Fansi-styles-3.2.1.tgz#41fbb20243e50b12be0f04b8dedbf07520ce841d"
  integrity sha1-QfuyAkPlCxK+DwS43tvwdSDOhB0=
  dependencies:
    color-convert "^1.9.0"

axios@^0.19.0:
  version "0.19.0"
  resolved "https://registry.npm.taobao.org/axios/download/axios-0.19.0.tgz#8e09bff3d9122e133f7b8101c8fbdd00ed3d2ab8"
  integrity sha1-jgm/89kSLhM/e4EByPvdAO09Krg=
  dependencies:
    follow-redirects "1.5.10"
    is-buffer "^2.0.2"

boolbase@~1.0.0:
  version "1.0.0"
  resolved "https://registry.npm.taobao.org/boolbase/download/boolbase-1.0.0.tgz#68dff5fbe60c51eb37725ea9e3ed310dcc1e776e"
  integrity sha1-aN/1++YMUes3cl6p4+0xDcwed24=

cfb@^1.1.3:
  version "1.1.3"
  resolved "https://registry.npm.taobao.org/cfb/download/cfb-1.1.3.tgz#05de6816259c8e8bc32713aba905608ee385df66"
  integrity sha1-Bd5oFiWcjovDJxOrqQVgjuOF32Y=
  dependencies:
    adler-32 "~1.2.0"
    commander "^2.16.0"
    crc-32 "~1.2.0"
    printj "~1.1.2"

chalk@^2.4.2:
  version "2.4.2"
  resolved "https://registry.npm.taobao.org/chalk/download/chalk-2.4.2.tgz#cd42541677a54333cf541a49108c1432b44c9424"
  integrity sha1-zUJUFnelQzPPVBpJEIwUMrRMlCQ=
  dependencies:
    ansi-styles "^3.2.1"
    escape-string-regexp "^1.0.5"
    supports-color "^5.3.0"

chardet@^0.7.0:
  version "0.7.0"
  resolved "https://registry.npm.taobao.org/chardet/download/chardet-0.7.0.tgz?cache=0&sync_timestamp=1562887878067&other_urls=https%3A%2F%2Fregistry.npm.taobao.org%2Fchardet%2Fdownload%2Fchardet-0.7.0.tgz#90094849f0937f2eedc2425d0d28a9e5f0cbad9e"
  integrity sha1-kAlISfCTfy7twkJdDSip5fDLrZ4=

cheerio@^1.0.0-rc.2:
  version "1.0.0-rc.3"
  resolved "https://registry.npm.taobao.org/cheerio/download/cheerio-1.0.0-rc.3.tgz#094636d425b2e9c0f4eb91a46c05630c9a1a8bf6"
  integrity sha1-CUY21CWy6cD065GkbAVjDJoai/Y=
  dependencies:
    css-select "~1.2.0"
    dom-serializer "~0.1.1"
    entities "~1.1.1"
    htmlparser2 "^3.9.1"
    lodash "^4.15.0"
    parse5 "^3.0.1"

cli-cursor@^2.1.0:
  version "2.1.0"
  resolved "https://registry.npm.taobao.org/cli-cursor/download/cli-cursor-2.1.0.tgz#b35dac376479facc3e94747d41d0d0f5238ffcb5"
  integrity sha1-s12sN2R5+sw+lHR9QdDQ9SOP/LU=
  dependencies:
    restore-cursor "^2.0.0"

cli-width@^2.0.0:
  version "2.2.0"
  resolved "https://registry.npm.taobao.org/cli-width/download/cli-width-2.2.0.tgz#ff19ede8a9a5e579324147b0c11f0fbcbabed639"
  integrity sha1-/xnt6Kml5XkyQUewwR8PvLq+1jk=

codepage@~1.14.0:
  version "1.14.0"
  resolved "https://registry.npm.taobao.org/codepage/download/codepage-1.14.0.tgz#8cbe25481323559d7d307571b0fff91e7a1d2f99"
  integrity sha1-jL4lSBMjVZ19MHVxsP/5HnodL5k=
  dependencies:
    commander "~2.14.1"
    exit-on-epipe "~1.0.1"

color-convert@^1.9.0:
  version "1.9.3"
  resolved "https://registry.npm.taobao.org/color-convert/download/color-convert-1.9.3.tgz#bb71850690e1f136567de629d2d5471deda4c1e8"
  integrity sha1-u3GFBpDh8TZWfeYp0tVHHe2kweg=
  dependencies:
    color-name "1.1.3"

color-name@1.1.3:
  version "1.1.3"
  resolved "https://registry.npm.taobao.org/color-name/download/color-name-1.1.3.tgz#a7d0558bd89c42f795dd42328f740831ca53bc25"
  integrity sha1-p9BVi9icQveV3UIyj3QIMcpTvCU=

commander@^2.15.1, commander@^2.16.0:
  version "2.20.0"
  resolved "https://registry.npm.taobao.org/commander/download/commander-2.20.0.tgz?cache=0&other_urls=https%3A%2F%2Fregistry.npm.taobao.org%2Fcommander%2Fdownload%2Fcommander-2.20.0.tgz#d58bb2b5c1ee8f87b0d340027e9e94e222c5a422"
  integrity sha1-1YuytcHuj4ew00ACfp6U4iLFpCI=

commander@~2.14.1:
  version "2.14.1"
  resolved "https://registry.npm.taobao.org/commander/download/commander-2.14.1.tgz?cache=0&other_urls=https%3A%2F%2Fregistry.npm.taobao.org%2Fcommander%2Fdownload%2Fcommander-2.14.1.tgz#2235123e37af8ca3c65df45b026dbd357b01b9aa"
  integrity sha1-IjUSPjevjKPGXfRbAm29NXsBuao=

commander@~2.17.1:
  version "2.17.1"
  resolved "https://registry.npm.taobao.org/commander/download/commander-2.17.1.tgz?cache=0&other_urls=https%3A%2F%2Fregistry.npm.taobao.org%2Fcommander%2Fdownload%2Fcommander-2.17.1.tgz#bd77ab7de6de94205ceacc72f1716d29f20a77bf"
  integrity sha1-vXerfebelCBc6sxy8XFtKfIKd78=

crc-32@~1.2.0:
  version "1.2.0"
  resolved "https://registry.npm.taobao.org/crc-32/download/crc-32-1.2.0.tgz#cb2db6e29b88508e32d9dd0ec1693e7b41a18208"
  integrity sha1-yy224puIUI4y2d0OwWk+e0Ghggg=
  dependencies:
    exit-on-epipe "~1.0.1"
    printj "~1.1.0"

css-select@~1.2.0:
  version "1.2.0"
  resolved "https://registry.npm.taobao.org/css-select/download/css-select-1.2.0.tgz#2b3a110539c5355f1cd8d314623e870b121ec858"
  integrity sha1-KzoRBTnFNV8c2NMUYj6HCxIeyFg=
  dependencies:
    boolbase "~1.0.0"
    css-what "2.1"
    domutils "1.5.1"
    nth-check "~1.0.1"

css-what@2.1:
  version "2.1.3"
  resolved "https://registry.npm.taobao.org/css-what/download/css-what-2.1.3.tgz?cache=0&sync_timestamp=1564773794818&other_urls=https%3A%2F%2Fregistry.npm.taobao.org%2Fcss-what%2Fdownload%2Fcss-what-2.1.3.tgz#a6d7604573365fe74686c3f311c56513d88285f2"
  integrity sha1-ptdgRXM2X+dGhsPzEcVlE9iChfI=

debug@=3.1.0:
  version "3.1.0"
  resolved "https://registry.npm.taobao.org/debug/download/debug-3.1.0.tgz#5bb5a0672628b64149566ba16819e61518c67261"
  integrity sha1-W7WgZyYotkFJVmuhaBnmFRjGcmE=
  dependencies:
    ms "2.0.0"

decode-uri-component@^0.2.0:
  version "0.2.0"
  resolved "https://registry.npm.taobao.org/decode-uri-component/download/decode-uri-component-0.2.0.tgz#eb3913333458775cb84cd1a1fae062106bb87545"
  integrity sha1-6zkTMzRYd1y4TNGh+uBiEGu4dUU=

dom-serializer@0:
  version "0.2.1"
  resolved "https://registry.npm.taobao.org/dom-serializer/download/dom-serializer-0.2.1.tgz#13650c850daffea35d8b626a4cfc4d3a17643fdb"
  integrity sha1-E2UMhQ2v/qNdi2JqTPxNOhdkP9s=
  dependencies:
    domelementtype "^2.0.1"
    entities "^2.0.0"

dom-serializer@~0.1.1:
  version "0.1.1"
  resolved "https://registry.npm.taobao.org/dom-serializer/download/dom-serializer-0.1.1.tgz#1ec4059e284babed36eec2941d4a970a189ce7c0"
  integrity sha1-HsQFnihLq+027sKUHUqXChic58A=
  dependencies:
    domelementtype "^1.3.0"
    entities "^1.1.1"

domelementtype@1, domelementtype@^1.3.0, domelementtype@^1.3.1:
  version "1.3.1"
  resolved "https://registry.npm.taobao.org/domelementtype/download/domelementtype-1.3.1.tgz?cache=0&other_urls=https%3A%2F%2Fregistry.npm.taobao.org%2Fdomelementtype%2Fdownload%2Fdomelementtype-1.3.1.tgz#d048c44b37b0d10a7f2a3d5fee3f4333d790481f"
  integrity sha1-0EjESzew0Qp/Kj1f7j9DM9eQSB8=

domelementtype@^2.0.1:
  version "2.0.1"
  resolved "https://registry.npm.taobao.org/domelementtype/download/domelementtype-2.0.1.tgz?cache=0&other_urls=https%3A%2F%2Fregistry.npm.taobao.org%2Fdomelementtype%2Fdownload%2Fdomelementtype-2.0.1.tgz#1f8bdfe91f5a78063274e803b4bdcedf6e94f94d"
  integrity sha1-H4vf6R9aeAYydOgDtL3O326U+U0=

domhandler@^2.3.0:
  version "2.4.2"
  resolved "https://registry.npm.taobao.org/domhandler/download/domhandler-2.4.2.tgz#8805097e933d65e85546f726d60f5eb88b44f803"
  integrity sha1-iAUJfpM9ZehVRvcm1g9euItE+AM=
  dependencies:
    domelementtype "1"

domutils@1.5.1:
  version "1.5.1"
  resolved "https://registry.npm.taobao.org/domutils/download/domutils-1.5.1.tgz?cache=0&other_urls=https%3A%2F%2Fregistry.npm.taobao.org%2Fdomutils%2Fdownload%2Fdomutils-1.5.1.tgz#dcd8488a26f563d61079e48c9f7b7e32373682cf"
  integrity sha1-3NhIiib1Y9YQeeSMn3t+Mjc2gs8=
  dependencies:
    dom-serializer "0"
    domelementtype "1"

domutils@^1.5.1:
  version "1.7.0"
  resolved "https://registry.npm.taobao.org/domutils/download/domutils-1.7.0.tgz?cache=0&other_urls=https%3A%2F%2Fregistry.npm.taobao.org%2Fdomutils%2Fdownload%2Fdomutils-1.7.0.tgz#56ea341e834e06e6748af7a1cb25da67ea9f8c2a"
  integrity sha1-Vuo0HoNOBuZ0ivehyyXaZ+qfjCo=
  dependencies:
    dom-serializer "0"
    domelementtype "1"

entities@^1.1.1, entities@~1.1.1:
  version "1.1.2"
  resolved "https://registry.npm.taobao.org/entities/download/entities-1.1.2.tgz#bdfa735299664dfafd34529ed4f8522a275fea56"
  integrity sha1-vfpzUplmTfr9NFKe1PhSKidf6lY=

entities@^2.0.0:
  version "2.0.0"
  resolved "https://registry.npm.taobao.org/entities/download/entities-2.0.0.tgz#68d6084cab1b079767540d80e56a39b423e4abf4"
  integrity sha1-aNYITKsbB5dnVA2A5Wo5tCPkq/Q=

escape-string-regexp@^1.0.5:
  version "1.0.5"
  resolved "https://registry.npm.taobao.org/escape-string-regexp/download/escape-string-regexp-1.0.5.tgz?cache=0&other_urls=https%3A%2F%2Fregistry.npm.taobao.org%2Fescape-string-regexp%2Fdownload%2Fescape-string-regexp-1.0.5.tgz#1b61c0562190a8dff6ae3bb2cf0200ca130b86d4"
  integrity sha1-G2HAViGQqN/2rjuyzwIAyhMLhtQ=

exit-on-epipe@~1.0.1:
  version "1.0.1"
  resolved "https://registry.npm.taobao.org/exit-on-epipe/download/exit-on-epipe-1.0.1.tgz#0bdd92e87d5285d267daa8171d0eb06159689692"
  integrity sha1-C92S6H1ShdJn2qgXHQ6wYVlolpI=

external-editor@^3.0.3:
  version "3.1.0"
  resolved "https://registry.npm.taobao.org/external-editor/download/external-editor-3.1.0.tgz#cb03f740befae03ea4d283caed2741a83f335495"
  integrity sha1-ywP3QL764D6k0oPK7SdBqD8zVJU=
  dependencies:
    chardet "^0.7.0"
    iconv-lite "^0.4.24"
    tmp "^0.0.33"

figures@^2.0.0:
  version "2.0.0"
  resolved "https://registry.npm.taobao.org/figures/download/figures-2.0.0.tgz#3ab1a2d2a62c8bfb431a0c94cb797a2fce27c962"
  integrity sha1-OrGi0qYsi/tDGgyUy3l6L84nyWI=
  dependencies:
    escape-string-regexp "^1.0.5"

follow-redirects@1.5.10:
  version "1.5.10"
  resolved "https://registry.npm.taobao.org/follow-redirects/download/follow-redirects-1.5.10.tgz?cache=0&sync_timestamp=1567775546836&other_urls=https%3A%2F%2Fregistry.npm.taobao.org%2Ffollow-redirects%2Fdownload%2Ffollow-redirects-1.5.10.tgz#7b7a9f9aea2fdff36786a94ff643ed07f4ff5e2a"
  integrity sha1-e3qfmuov3/NnhqlP9kPtB/T/Xio=
  dependencies:
    debug "=3.1.0"

frac@~1.1.2:
  version "1.1.2"
  resolved "https://registry.npm.taobao.org/frac/download/frac-1.1.2.tgz#3d74f7f6478c88a1b5020306d747dc6313c74d0b"
  integrity sha1-PXT39keMiKG1AgMG10fcYxPHTQs=

has-flag@^3.0.0:
  version "3.0.0"
  resolved "https://registry.npm.taobao.org/has-flag/download/has-flag-3.0.0.tgz#b5d454dc2199ae225699f3467e5a07f3b955bafd"
  integrity sha1-tdRU3CGZriJWmfNGfloH87lVuv0=

htmlparser2@^3.9.1:
  version "3.10.1"
  resolved "https://registry.npm.taobao.org/htmlparser2/download/htmlparser2-3.10.1.tgz#bd679dc3f59897b6a34bb10749c855bb53a9392f"
  integrity sha1-vWedw/WYl7ajS7EHSchVu1OpOS8=
  dependencies:
    domelementtype "^1.3.1"
    domhandler "^2.3.0"
    domutils "^1.5.1"
    entities "^1.1.1"
    inherits "^2.0.1"
    readable-stream "^3.1.1"

iconv-lite@^0.4.19, iconv-lite@^0.4.24:
  version "0.4.24"
  resolved "https://registry.npm.taobao.org/iconv-lite/download/iconv-lite-0.4.24.tgz#2022b4b25fbddc21d2f524974a474aafe733908b"
  integrity sha1-ICK0sl+93CHS9SSXSkdKr+czkIs=
  dependencies:
    safer-buffer ">= 2.1.2 < 3"

inherits@^2.0.1, inherits@^2.0.3:
  version "2.0.4"
  resolved "https://registry.npm.taobao.org/inherits/download/inherits-2.0.4.tgz?cache=0&sync_timestamp=1560975547815&other_urls=https%3A%2F%2Fregistry.npm.taobao.org%2Finherits%2Fdownload%2Finherits-2.0.4.tgz#0fa2c64f932917c3433a0ded55363aae37416b7c"
  integrity sha1-D6LGT5MpF8NDOg3tVTY6rjdBa3w=

inquirer@^6.5.0:
  version "6.5.2"
  resolved "https://registry.npm.taobao.org/inquirer/download/inquirer-6.5.2.tgz#ad50942375d036d327ff528c08bd5fab089928ca"
  integrity sha1-rVCUI3XQNtMn/1KMCL1fqwiZKMo=
  dependencies:
    ansi-escapes "^3.2.0"
    chalk "^2.4.2"
    cli-cursor "^2.1.0"
    cli-width "^2.0.0"
    external-editor "^3.0.3"
    figures "^2.0.0"
    lodash "^4.17.12"
    mute-stream "0.0.7"
    run-async "^2.2.0"
    rxjs "^6.4.0"
    string-width "^2.1.0"
    strip-ansi "^5.1.0"
    through "^2.3.6"

is-buffer@^2.0.2:
  version "2.0.3"
  resolved "https://registry.npm.taobao.org/is-buffer/download/is-buffer-2.0.3.tgz#4ecf3fcf749cbd1e472689e109ac66261a25e725"
  integrity sha1-Ts8/z3ScvR5HJonhCaxmJhol5yU=

is-fullwidth-code-point@^2.0.0:
  version "2.0.0"
  resolved "https://registry.npm.taobao.org/is-fullwidth-code-point/download/is-fullwidth-code-point-2.0.0.tgz#a3b30a5c4f199183167aaab93beefae3ddfb654f"
  integrity sha1-o7MKXE8ZkYMWeqq5O+764937ZU8=

is-promise@^2.1.0:
  version "2.1.0"
  resolved "https://registry.npm.taobao.org/is-promise/download/is-promise-2.1.0.tgz?cache=0&other_urls=https%3A%2F%2Fregistry.npm.taobao.org%2Fis-promise%2Fdownload%2Fis-promise-2.1.0.tgz#79a2a9ece7f096e80f36d2b2f3bc16c1ff4bf3fa"
  integrity sha1-eaKp7OfwlugPNtKy87wWwf9L8/o=

json2csv@^4.5.2:
  version "4.5.3"
  resolved "https://registry.npm.taobao.org/json2csv/download/json2csv-4.5.3.tgz#74cdde618929317261dfe2b97677a5e891bdc263"
  integrity sha1-dM3eYYkpMXJh3+K5dnel6JG9wmM=
  dependencies:
    commander "^2.15.1"
    jsonparse "^1.3.1"
    lodash.get "^4.4.2"

jsonparse@^1.3.1:
  version "1.3.1"
  resolved "https://registry.npm.taobao.org/jsonparse/download/jsonparse-1.3.1.tgz#3f4dae4a91fac315f71062f8521cc239f1366280"
  integrity sha1-P02uSpH6wxX3EGL4UhzCOfE2YoA=

lodash.get@^4.4.2:
  version "4.4.2"
  resolved "https://registry.npm.taobao.org/lodash.get/download/lodash.get-4.4.2.tgz#2d177f652fa31e939b4438d5341499dfa3825e99"
  integrity sha1-LRd/ZS+jHpObRDjVNBSZ36OCXpk=

lodash@^4.15.0, lodash@^4.17.12, lodash@^4.17.15:
  version "4.17.15"
  resolved "https://registry.npm.taobao.org/lodash/download/lodash-4.17.15.tgz#b447f6670a0455bbfeedd11392eff330ea097548"
  integrity sha1-tEf2ZwoEVbv+7dETku/zMOoJdUg=

mimic-fn@^1.0.0:
  version "1.2.0"
  resolved "https://registry.npm.taobao.org/mimic-fn/download/mimic-fn-1.2.0.tgz#820c86a39334640e99516928bd03fca88057d022"
  integrity sha1-ggyGo5M0ZA6ZUWkovQP8qIBX0CI=

ms@2.0.0:
  version "2.0.0"
  resolved "https://registry.npm.taobao.org/ms/download/ms-2.0.0.tgz#5608aeadfc00be6c2901df5f9861788de0d597c8"
  integrity sha1-VgiurfwAvmwpAd9fmGF4jeDVl8g=

mute-stream@0.0.7:
  version "0.0.7"
  resolved "https://registry.npm.taobao.org/mute-stream/download/mute-stream-0.0.7.tgz#3075ce93bc21b8fab43e1bc4da7e8115ed1e7bab"
  integrity sha1-MHXOk7whuPq0PhvE2n6BFe0ee6s=

nth-check@~1.0.1:
  version "1.0.2"
  resolved "https://registry.npm.taobao.org/nth-check/download/nth-check-1.0.2.tgz#b2bd295c37e3dd58a3bf0700376663ba4d9cf05c"
  integrity sha1-sr0pXDfj3VijvwcAN2Zjuk2c8Fw=
  dependencies:
    boolbase "~1.0.0"

onetime@^2.0.0:
  version "2.0.1"
  resolved "https://registry.npm.taobao.org/onetime/download/onetime-2.0.1.tgz#067428230fd67443b2794b22bba528b6867962d4"
  integrity sha1-BnQoIw/WdEOyeUsiu6UotoZ5YtQ=
  dependencies:
    mimic-fn "^1.0.0"

os-tmpdir@~1.0.2:
  version "1.0.2"
  resolved "https://registry.npm.taobao.org/os-tmpdir/download/os-tmpdir-1.0.2.tgz#bbe67406c79aa85c5cfec766fe5734555dfa1274"
  integrity sha1-u+Z0BseaqFxc/sdm/lc0VV36EnQ=

parse5@^3.0.1:
  version "3.0.3"
  resolved "https://registry.npm.taobao.org/parse5/download/parse5-3.0.3.tgz#042f792ffdd36851551cf4e9e066b3874ab45b5c"
  integrity sha1-BC95L/3TaFFVHPTp4Gazh0q0W1w=
  dependencies:
    "@types/node" "*"

printj@~1.1.0, printj@~1.1.2:
  version "1.1.2"
  resolved "https://registry.npm.taobao.org/printj/download/printj-1.1.2.tgz#d90deb2975a8b9f600fb3a1c94e3f4c53c78a222"
  integrity sha1-2Q3rKXWoufYA+zoclOP0xTx4oiI=

query-string@^6.8.1:
  version "6.8.3"
  resolved "https://registry.npm.taobao.org/query-string/download/query-string-6.8.3.tgz?cache=0&other_urls=https%3A%2F%2Fregistry.npm.taobao.org%2Fquery-string%2Fdownload%2Fquery-string-6.8.3.tgz#fd9fb7ffb068b79062b43383685611ee47777d4b"
  integrity sha1-/Z+3/7Bot5BitDODaFYR7kd3fUs=
  dependencies:
    decode-uri-component "^0.2.0"
    split-on-first "^1.0.0"
    strict-uri-encode "^2.0.0"

readable-stream@^3.1.1:
  version "3.4.0"
  resolved "https://registry.npm.taobao.org/readable-stream/download/readable-stream-3.4.0.tgz#a51c26754658e0a3c21dbf59163bd45ba6f447fc"
  integrity sha1-pRwmdUZY4KPCHb9ZFjvUW6b0R/w=
  dependencies:
    inherits "^2.0.3"
    string_decoder "^1.1.1"
    util-deprecate "^1.0.1"

restore-cursor@^2.0.0:
  version "2.0.0"
  resolved "https://registry.npm.taobao.org/restore-cursor/download/restore-cursor-2.0.0.tgz#9f7ee287f82fd326d4fd162923d62129eee0dfaf"
  integrity sha1-n37ih/gv0ybU/RYpI9YhKe7g368=
  dependencies:
    onetime "^2.0.0"
    signal-exit "^3.0.2"

run-async@^2.2.0:
  version "2.3.0"
  resolved "https://registry.npm.taobao.org/run-async/download/run-async-2.3.0.tgz#0371ab4ae0bdd720d4166d7dfda64ff7a445a6c0"
  integrity sha1-A3GrSuC91yDUFm19/aZP96RFpsA=
  dependencies:
    is-promise "^2.1.0"

rxjs@^6.4.0:
  version "6.5.3"
  resolved "https://registry.npm.taobao.org/rxjs/download/rxjs-6.5.3.tgz?cache=0&other_urls=https%3A%2F%2Fregistry.npm.taobao.org%2Frxjs%2Fdownload%2Frxjs-6.5.3.tgz#510e26317f4db91a7eb1de77d9dd9ba0a4899a3a"
  integrity sha1-UQ4mMX9NuRp+sd532d2boKSJmjo=
  dependencies:
    tslib "^1.9.0"

safe-buffer@~5.2.0:
  version "5.2.0"
  resolved "https://registry.npm.taobao.org/safe-buffer/download/safe-buffer-5.2.0.tgz#b74daec49b1148f88c64b68d49b1e815c1f2f519"
  integrity sha1-t02uxJsRSPiMZLaNSbHoFcHy9Rk=

"safer-buffer@>= 2.1.2 < 3":
  version "2.1.2"
  resolved "https://registry.npm.taobao.org/safer-buffer/download/safer-buffer-2.1.2.tgz#44fa161b0187b9549dd84bb91802f9bd8385cd6a"
  integrity sha1-RPoWGwGHuVSd2Eu5GAL5vYOFzWo=

signal-exit@^3.0.2:
  version "3.0.2"
  resolved "https://registry.npm.taobao.org/signal-exit/download/signal-exit-3.0.2.tgz#b5fdc08f1287ea1178628e415e25132b73646c6d"
  integrity sha1-tf3AjxKH6hF4Yo5BXiUTK3NkbG0=

split-on-first@^1.0.0:
  version "1.1.0"
  resolved "https://registry.npm.taobao.org/split-on-first/download/split-on-first-1.1.0.tgz#f610afeee3b12bce1d0c30425e76398b78249a5f"
  integrity sha1-9hCv7uOxK84dDDBCXnY5i3gkml8=

ssf@~0.10.2:
  version "0.10.2"
  resolved "https://registry.npm.taobao.org/ssf/download/ssf-0.10.2.tgz#65b2b4fcdfd967bc8e8383a41349009893115976"
  integrity sha1-ZbK0/N/ZZ7yOg4OkE0kAmJMRWXY=
  dependencies:
    frac "~1.1.2"

strict-uri-encode@^2.0.0:
  version "2.0.0"
  resolved "https://registry.npm.taobao.org/strict-uri-encode/download/strict-uri-encode-2.0.0.tgz#b9c7330c7042862f6b142dc274bbcc5866ce3546"
  integrity sha1-ucczDHBChi9rFC3CdLvMWGbONUY=

string-random@^0.1.3:
  version "0.1.3"
  resolved "https://registry.npm.taobao.org/string-random/download/string-random-0.1.3.tgz#083f39835c2430fe0be76b9e72f0736e2e0f7b74"
  integrity sha1-CD85g1wkMP4L52uecvBzbi4Pe3Q=

string-width@^2.1.0:
  version "2.1.1"
  resolved "https://registry.npm.taobao.org/string-width/download/string-width-2.1.1.tgz#ab93f27a8dc13d28cac815c462143a6d9012ae9e"
  integrity sha1-q5Pyeo3BPSjKyBXEYhQ6bZASrp4=
  dependencies:
    is-fullwidth-code-point "^2.0.0"
    strip-ansi "^4.0.0"

string_decoder@^1.1.1:
  version "1.3.0"
  resolved "https://registry.npm.taobao.org/string_decoder/download/string_decoder-1.3.0.tgz#42f114594a46cf1a8e30b0a84f56c78c3edac21e"
  integrity sha1-QvEUWUpGzxqOMLCoT1bHjD7awh4=
  dependencies:
    safe-buffer "~5.2.0"

strip-ansi@^4.0.0:
  version "4.0.0"
  resolved "https://registry.npm.taobao.org/strip-ansi/download/strip-ansi-4.0.0.tgz#a8479022eb1ac368a871389b635262c505ee368f"
  integrity sha1-qEeQIusaw2iocTibY1JixQXuNo8=
  dependencies:
    ansi-regex "^3.0.0"

strip-ansi@^5.1.0:
  version "5.2.0"
  resolved "https://registry.npm.taobao.org/strip-ansi/download/strip-ansi-5.2.0.tgz#8c9a536feb6afc962bdfa5b104a5091c1ad9c0ae"
  integrity sha1-jJpTb+tq/JYr36WxBKUJHBrZwK4=
  dependencies:
    ansi-regex "^4.1.0"

supports-color@^5.3.0:
  version "5.5.0"
  resolved "https://registry.npm.taobao.org/supports-color/download/supports-color-5.5.0.tgz?cache=0&other_urls=https%3A%2F%2Fregistry.npm.taobao.org%2Fsupports-color%2Fdownload%2Fsupports-color-5.5.0.tgz#e2e69a44ac8772f78a1ec0b35b689df6530efc8f"
  integrity sha1-4uaaRKyHcveKHsCzW2id9lMO/I8=
  dependencies:
    has-flag "^3.0.0"

through@^2.3.6:
  version "2.3.8"
  resolved "https://registry.npm.taobao.org/through/download/through-2.3.8.tgz#0dd4c9ffaabc357960b1b724115d7e0e86a2e1f5"
  integrity sha1-DdTJ/6q8NXlgsbckEV1+Doai4fU=

tmp@^0.0.33:
  version "0.0.33"
  resolved "https://registry.npm.taobao.org/tmp/download/tmp-0.0.33.tgz#6d34335889768d21b2bcda0aa277ced3b1bfadf9"
  integrity sha1-bTQzWIl2jSGyvNoKonfO07G/rfk=
  dependencies:
    os-tmpdir "~1.0.2"

tslib@^1.9.0:
  version "1.10.0"
  resolved "https://registry.npm.taobao.org/tslib/download/tslib-1.10.0.tgz#c3c19f95973fb0a62973fb09d90d961ee43e5c8a"
  integrity sha1-w8GflZc/sKYpc/sJ2Q2WHuQ+XIo=

typescript@^3.6.3:
  version "3.6.3"
  resolved "https://registry.npm.taobao.org/typescript/download/typescript-3.6.3.tgz#fea942fabb20f7e1ca7164ff626f1a9f3f70b4da"
  integrity sha1-/qlC+rsg9+HKcWT/Ym8anz9wtNo=

util-deprecate@^1.0.1:
  version "1.0.2"
  resolved "https://registry.npm.taobao.org/util-deprecate/download/util-deprecate-1.0.2.tgz#450d4dc9fa70de732762fbd2d4a28981419a0ccf"
  integrity sha1-RQ1Nyfpw3nMnYvvS1KKJgUGaDM8=

xlsx@*, xlsx@^0.15.1:
  version "0.15.1"
  resolved "https://registry.npm.taobao.org/xlsx/download/xlsx-0.15.1.tgz#a767c4d412cbd0c95b30dbcd48bed7de428eb107"
  integrity sha1-p2fE1BLL0MlbMNvNSL7X3kKOsQc=
  dependencies:
    adler-32 "~1.2.0"
    cfb "^1.1.3"
    codepage "~1.14.0"
    commander "~2.17.1"
    crc-32 "~1.2.0"
    exit-on-epipe "~1.0.1"
    ssf "~0.10.2"
